
Microsoft Visual Studio Solution File, Format Version 12.00
# Visual Studio 14
VisualStudioVersion = 14.0.25123.0
MinimumVisualStudioVersion = 10.0.40219.1
Project("{FAE04EC0-301F-11D3-BF4B-00C04F79EFBC}") = "SimpleDIObjects", "SimpleDI\SimpleDIObjects.csproj", "{F5B76FB4-0CFB-44FC-9068-FCC3F1EAF0ED}"
EndProject
Project("{FAE04EC0-301F-11D3-BF4B-00C04F79EFBC}") = "SimpleDIConsole", "SimpleDIConsole\SimpleDIConsole.csproj", "{831CF6F3-1355-4148-9D17-1AC7F7E65C86}"
EndProject
Project("{FAE04EC0-301F-11D3-BF4B-00C04F79EFBC}") = "SimpleLog", "SimpleLog\SimpleLog.csproj", "{7A8013D3-4676-4B69-8045-06C85A181496}"
EndProject
Project("{FAE04EC0-301F-11D3-BF4B-00C04F79EFBC}") = "SimpleDIBusinessLogic", "SimpleDIBusinessLogic\SimpleDIBusinessLogic.csproj", "{D22A371A-5EB2-40B8-BD15-578CD2F08BE2}"
EndProject
Project("{FAE04EC0-301F-11D3-BF4B-00C04F79EFBC}") = "SimpleDITest", "SimpleDITest\SimpleDITest.csproj", "{08DB34CE-0731-44D6-BC9E-FAF4FD48E3CD}"
EndProject
Global
	GlobalSection(SolutionConfigurationPlatforms) = preSolution
		Debug|Any CPU = Debug|Any CPU
		Release|Any CPU = Release|Any CPU
	EndGlobalSection
	GlobalSection(ProjectConfigurationPlatforms) = postSolution
		{F5B76FB4-0CFB-44FC-9068-FCC3F1EAF0ED}.Debug|Any CPU.ActiveCfg = Debug|Any CPU
		{F5B76FB4-0CFB-44FC-9068-FCC3F1EAF0ED}.Debug|Any CPU.Build.0 = Debug|Any CPU
		{F5B76FB4-0CFB-44FC-9068-FCC3F1EAF0ED}.Release|Any CPU.ActiveCfg = Release|Any CPU
		{F5B76FB4-0CFB-44FC-9068-FCC3F1EAF0ED}.Release|Any CPU.Build.0 = Release|Any CPU
		{831CF6F3-1355-4148-9D17-1AC7F7E65C86}.Debug|Any CPU.ActiveCfg = Debug|Any CPU
		{831CF6F3-1355-4148-9D17-1AC7F7E65C86}.Debug|Any CPU.Build.0 = Debug|Any CPU
		{831CF6F3-1355-4148-9D17-1AC7F7E65C86}.Release|Any CPU.ActiveCfg = Release|Any CPU
		{831CF6F3-1355-4148-9D17-1AC7F7E65C86}.Release|Any CPU.Build.0 = Release|Any CPU
		{7A8013D3-4676-4B69-8045-06C85A181496}.Debug|Any CPU.ActiveCfg = Debug|Any CPU
		{7A8013D3-4676-4B69-8045-06C85A181496}.Debug|Any CPU.Build.0 = Debug|Any CPU
		{7A8013D3-4676-4B69-8045-06C85A181496}.Release|Any CPU.ActiveCfg = Release|Any CPU
		{7A8013D3-4676-4B69-8045-06C85A181496}.Release|Any CPU.Build.0 = Release|Any CPU
		{D22A371A-5EB2-40B8-BD15-578CD2F08BE2}.Debug|Any CPU.ActiveCfg = Debug|Any CPU
		{D22A371A-5EB2-40B8-BD15-578CD2F08BE2}.Debug|Any CPU.Build.0 = Debug|Any CPU
		{D22A371A-5EB2-40B8-BD15-578CD2F08BE2}.Release|Any CPU.ActiveCfg = Release|Any CPU
		{D22A371A-5EB2-40B8-BD15-578CD2F08BE2}.Release|Any CPU.Build.0 = Release|Any CPU
		{08DB34CE-0731-44D6-BC9E-FAF4FD48E3CD}.Debug|Any CPU.ActiveCfg = Debug|Any CPU
		{08DB34CE-0731-44D6-BC9E-FAF4FD48E3CD}.Debug|Any CPU.Build.0 = Debug|Any CPU
		{08DB34CE-0731-44D6-BC9E-FAF4FD48E3CD}.Release|Any CPU.ActiveCfg = Release|Any CPU
		{08DB34CE-0731-44D6-BC9E-FAF4FD48E3CD}.Release|Any CPU.Build.0 = Release|Any CPU
	EndGlobalSection
	GlobalSection(SolutionProperties) = preSolution
		HideSolutionNode = FALSE
	EndGlobalSection
EndGlobal
