
Microsoft Visual Studio Solution File, Format Version 12.00
# Visual Studio 15
VisualStudioVersion = 15.0.26730.3
MinimumVisualStudioVersion = 10.0.40219.1
Project("{FAE04EC0-301F-11D3-BF4B-00C04F79EFBC}") = "SerializeObjectNewtonsoftJSON", "SerializeObjectNewtonsoftJSON\SerializeObjectNewtonsoftJSON.csproj", "{DE55531F-C4BB-4BD4-8484-9DB0334E4300}"
EndProject
Global
	GlobalSection(SolutionConfigurationPlatforms) = preSolution
		Debug|Any CPU = Debug|Any CPU
		Release|Any CPU = Release|Any CPU
	EndGlobalSection
	GlobalSection(ProjectConfigurationPlatforms) = postSolution
		{DE55531F-C4BB-4BD4-8484-9DB0334E4300}.Debug|Any CPU.ActiveCfg = Debug|Any CPU
		{DE55531F-C4BB-4BD4-8484-9DB0334E4300}.Debug|Any CPU.Build.0 = Debug|Any CPU
		{DE55531F-C4BB-4BD4-8484-9DB0334E4300}.Release|Any CPU.ActiveCfg = Release|Any CPU
		{DE55531F-C4BB-4BD4-8484-9DB0334E4300}.Release|Any CPU.Build.0 = Release|Any CPU
	EndGlobalSection
	GlobalSection(SolutionProperties) = preSolution
		HideSolutionNode = FALSE
	EndGlobalSection
	GlobalSection(ExtensibilityGlobals) = postSolution
		SolutionGuid = {DE5D40C8-8BC5-43C8-8848-DD0F64D9F022}
	EndGlobalSection
EndGlobal
