
Microsoft Visual Studio Solution File, Format Version 12.00
# Visual Studio 14
VisualStudioVersion = 14.0.25123.0
MinimumVisualStudioVersion = 10.0.40219.1
Project("{FAE04EC0-301F-11D3-BF4B-00C04F79EFBC}") = "EventsAndPlugins", "EventsAndPlugins\EventsAndPlugins.csproj", "{2F0A95E4-FE55-4EBC-AC45-7FA3B24B8DB1}"
EndProject
Project("{FAE04EC0-301F-11D3-BF4B-00C04F79EFBC}") = "ComplicatedDll", "ComplicatedDll\ComplicatedDll.csproj", "{59C47FF4-6478-463D-9C34-EC11D4A29ABE}"
EndProject
Global
	GlobalSection(SolutionConfigurationPlatforms) = preSolution
		Debug|Any CPU = Debug|Any CPU
		Release|Any CPU = Release|Any CPU
	EndGlobalSection
	GlobalSection(ProjectConfigurationPlatforms) = postSolution
		{2F0A95E4-FE55-4EBC-AC45-7FA3B24B8DB1}.Debug|Any CPU.ActiveCfg = Debug|Any CPU
		{2F0A95E4-FE55-4EBC-AC45-7FA3B24B8DB1}.Debug|Any CPU.Build.0 = Debug|Any CPU
		{2F0A95E4-FE55-4EBC-AC45-7FA3B24B8DB1}.Release|Any CPU.ActiveCfg = Release|Any CPU
		{2F0A95E4-FE55-4EBC-AC45-7FA3B24B8DB1}.Release|Any CPU.Build.0 = Release|Any CPU
		{59C47FF4-6478-463D-9C34-EC11D4A29ABE}.Debug|Any CPU.ActiveCfg = Debug|Any CPU
		{59C47FF4-6478-463D-9C34-EC11D4A29ABE}.Debug|Any CPU.Build.0 = Debug|Any CPU
		{59C47FF4-6478-463D-9C34-EC11D4A29ABE}.Release|Any CPU.ActiveCfg = Release|Any CPU
		{59C47FF4-6478-463D-9C34-EC11D4A29ABE}.Release|Any CPU.Build.0 = Release|Any CPU
	EndGlobalSection
	GlobalSection(SolutionProperties) = preSolution
		HideSolutionNode = FALSE
	EndGlobalSection
EndGlobal
